
Microsoft Visual Studio Solution File, Format Version 12.00
# Visual Studio Version 16
VisualStudioVersion = 16.0.31321.278
MinimumVisualStudioVersion = 10.0.40219.1
Project("{FAE04EC0-301F-11D3-BF4B-00C04F79EFBC}") = "ConsoleApp_List_Class_Linq_20210615", "ConsoleApp_List_Class_Linq_20210615\ConsoleApp_List_Class_Linq_20210615.csproj", "{4A1E0FB8-E318-4D6C-BCB9-1FFF1E72E59F}"
EndProject
Global
	GlobalSection(SolutionConfigurationPlatforms) = preSolution
		Debug|Any CPU = Debug|Any CPU
		Release|Any CPU = Release|Any CPU
	EndGlobalSection
	GlobalSection(ProjectConfigurationPlatforms) = postSolution
		{4A1E0FB8-E318-4D6C-BCB9-1FFF1E72E59F}.Debug|Any CPU.ActiveCfg = Debug|Any CPU
		{4A1E0FB8-E318-4D6C-BCB9-1FFF1E72E59F}.Debug|Any CPU.Build.0 = Debug|Any CPU
		{4A1E0FB8-E318-4D6C-BCB9-1FFF1E72E59F}.Release|Any CPU.ActiveCfg = Release|Any CPU
		{4A1E0FB8-E318-4D6C-BCB9-1FFF1E72E59F}.Release|Any CPU.Build.0 = Release|Any CPU
	EndGlobalSection
	GlobalSection(SolutionProperties) = preSolution
		HideSolutionNode = FALSE
	EndGlobalSection
	GlobalSection(ExtensibilityGlobals) = postSolution
		SolutionGuid = {A000A00F-040F-4D5F-8991-FAF3846C62CD}
	EndGlobalSection
EndGlobal
